# This file is automatically @generated by Cargo.
# It is not intended for manual editing.
version = 3

[[package]]
name = "nerd_css"
version = "0.1.0"

[[package]]
name = "nerd_dom"
version = "0.1.0"

[[package]]
name = "nerd_engine"
version = "0.1.0"
dependencies = [
 "nerd_dom",
 "nerd_html",
 "parser_common",
]

[[package]]
name = "nerd_html"
version = "0.1.0"
dependencies = [
 "nerd_dom",
 "parser_common",
]

[[package]]
name = "parser_common"
version = "0.1.0"
